// !$*UTF8*$!
{
	archiveVersion = 1;
	classes = {
	};
	objectVersion = 56;
	objects = {

/* Begin PBXBuildFile section */
		AC0FE4D22AE7A41100DA3F0A /* ScrumStore.swift in Sources */ = {isa = PBXBuildFile; fileRef = AC0FE4D12AE7A41100DA3F0A /* ScrumStore.swift */; };
		AC46E58C2ADE47B8007780F5 /* DetailEditView.swift in Sources */ = {isa = PBXBuildFile; fileRef = AC46E58B2ADE47B8007780F5 /* DetailEditView.swift */; };
		AC629FA32ADD744200E43F82 /* ScrumsView.swift in Sources */ = {isa = PBXBuildFile; fileRef = AC629FA22ADD744200E43F82 /* ScrumsView.swift */; };
		AC629FA52ADD7CEC00E43F82 /* DetailView.swift in Sources */ = {isa = PBXBuildFile; fileRef = AC629FA42ADD7CEC00E43F82 /* DetailView.swift */; };
		AC9702F12ADF9EF40034ABA1 /* ThemeView.swift in Sources */ = {isa = PBXBuildFile; fileRef = AC9702F02ADF9EF40034ABA1 /* ThemeView.swift */; };
		AC9702F32ADFA0380034ABA1 /* ThemePicker.swift in Sources */ = {isa = PBXBuildFile; fileRef = AC9702F22ADFA0380034ABA1 /* ThemePicker.swift */; };
		ACA5AEC12AE1009900BC4926 /* observable.swift in Sources */ = {isa = PBXBuildFile; fileRef = ACA5AEC02AE1009900BC4926 /* observable.swift */; };
		ACA5AEC32AE11AB200BC4926 /* Life Cycle.swift in Sources */ = {isa = PBXBuildFile; fileRef = ACA5AEC22AE11AB200BC4926 /* Life Cycle.swift */; };
		ACA5AEC52AE25EAC00BC4926 /* MeetingHeaderView.swift in Sources */ = {isa = PBXBuildFile; fileRef = ACA5AEC42AE25EAC00BC4926 /* MeetingHeaderView.swift */; };
		ACA5AEC72AE2618000BC4926 /* ScrumProgressViewStyle.swift in Sources */ = {isa = PBXBuildFile; fileRef = ACA5AEC62AE2618000BC4926 /* ScrumProgressViewStyle.swift */; };
		ACA5AEC92AE2622200BC4926 /* ScrumTimer.swift in Sources */ = {isa = PBXBuildFile; fileRef = ACA5AEC82AE2622200BC4926 /* ScrumTimer.swift */; };
		ACA5AECB2AE26C2300BC4926 /* MeetingFooterView.swift in Sources */ = {isa = PBXBuildFile; fileRef = ACA5AECA2AE26C2300BC4926 /* MeetingFooterView.swift */; };
		ACA5AECD2AE2707A00BC4926 /* AVPlayer+Ding.swift in Sources */ = {isa = PBXBuildFile; fileRef = ACA5AECC2AE2707A00BC4926 /* AVPlayer+Ding.swift */; };
		ACA617902AE6382B001DA5E3 /* NewScrumSheet.swift in Sources */ = {isa = PBXBuildFile; fileRef = ACA6178F2AE6382B001DA5E3 /* NewScrumSheet.swift */; };
		ACA617922AE63BD9001DA5E3 /* History.swift in Sources */ = {isa = PBXBuildFile; fileRef = ACA617912AE63BD9001DA5E3 /* History.swift */; };
		ACC01DB52AD92A93008DACAB /* NewScrumdingerApp.swift in Sources */ = {isa = PBXBuildFile; fileRef = ACC01DB42AD92A93008DACAB /* NewScrumdingerApp.swift */; };
		ACC01DB72AD92A93008DACAB /* MeetingView.swift in Sources */ = {isa = PBXBuildFile; fileRef = ACC01DB62AD92A93008DACAB /* MeetingView.swift */; };
		ACC01DB92AD92A94008DACAB /* Assets.xcassets in Resources */ = {isa = PBXBuildFile; fileRef = ACC01DB82AD92A94008DACAB /* Assets.xcassets */; };
		ACC01DBC2AD92A94008DACAB /* Preview Assets.xcassets in Resources */ = {isa = PBXBuildFile; fileRef = ACC01DBB2AD92A94008DACAB /* Preview Assets.xcassets */; };
		ACC01DC42AD93BF5008DACAB /* Theme.swift in Sources */ = {isa = PBXBuildFile; fileRef = ACC01DC32AD93BF5008DACAB /* Theme.swift */; };
		ACC01DC62AD93C98008DACAB /* DailyScrum.swift in Sources */ = {isa = PBXBuildFile; fileRef = ACC01DC52AD93C98008DACAB /* DailyScrum.swift */; };
		ACC01DC82AD93D34008DACAB /* CardView.swift in Sources */ = {isa = PBXBuildFile; fileRef = ACC01DC72AD93D34008DACAB /* CardView.swift */; };
		ACC01DCA2AD94175008DACAB /* TrailingIconLabelStyle.swift in Sources */ = {isa = PBXBuildFile; fileRef = ACC01DC92AD94175008DACAB /* TrailingIconLabelStyle.swift */; };
/* End PBXBuildFile section */

/* Begin PBXFileReference section */
		AC0FE4D12AE7A41100DA3F0A /* ScrumStore.swift */ = {isa = PBXFileReference; lastKnownFileType = sourcecode.swift; path = ScrumStore.swift; sourceTree = "<group>"; };
		AC46E58B2ADE47B8007780F5 /* DetailEditView.swift */ = {isa = PBXFileReference; lastKnownFileType = sourcecode.swift; path = DetailEditView.swift; sourceTree = "<group>"; };
		AC629FA22ADD744200E43F82 /* ScrumsView.swift */ = {isa = PBXFileReference; lastKnownFileType = sourcecode.swift; path = ScrumsView.swift; sourceTree = "<group>"; };
		AC629FA42ADD7CEC00E43F82 /* DetailView.swift */ = {isa = PBXFileReference; lastKnownFileType = sourcecode.swift; path = DetailView.swift; sourceTree = "<group>"; };
		AC9702F02ADF9EF40034ABA1 /* ThemeView.swift */ = {isa = PBXFileReference; lastKnownFileType = sourcecode.swift; path = ThemeView.swift; sourceTree = "<group>"; };
		AC9702F22ADFA0380034ABA1 /* ThemePicker.swift */ = {isa = PBXFileReference; lastKnownFileType = sourcecode.swift; path = ThemePicker.swift; sourceTree = "<group>"; };
		ACA5AEC02AE1009900BC4926 /* observable.swift */ = {isa = PBXFileReference; lastKnownFileType = sourcecode.swift; path = observable.swift; sourceTree = "<group>"; };
		ACA5AEC22AE11AB200BC4926 /* Life Cycle.swift */ = {isa = PBXFileReference; lastKnownFileType = sourcecode.swift; path = "Life Cycle.swift"; sourceTree = "<group>"; };
		ACA5AEC42AE25EAC00BC4926 /* MeetingHeaderView.swift */ = {isa = PBXFileReference; lastKnownFileType = sourcecode.swift; path = MeetingHeaderView.swift; sourceTree = "<group>"; };
		ACA5AEC62AE2618000BC4926 /* ScrumProgressViewStyle.swift */ = {isa = PBXFileReference; fileEncoding = 4; lastKnownFileType = sourcecode.swift; path = ScrumProgressViewStyle.swift; sourceTree = "<group>"; };
		ACA5AEC82AE2622200BC4926 /* ScrumTimer.swift */ = {isa = PBXFileReference; lastKnownFileType = sourcecode.swift; path = ScrumTimer.swift; sourceTree = "<group>"; };
		ACA5AECA2AE26C2300BC4926 /* MeetingFooterView.swift */ = {isa = PBXFileReference; lastKnownFileType = sourcecode.swift; path = MeetingFooterView.swift; sourceTree = "<group>"; };
		ACA5AECC2AE2707A00BC4926 /* AVPlayer+Ding.swift */ = {isa = PBXFileReference; fileEncoding = 4; lastKnownFileType = sourcecode.swift; path = "AVPlayer+Ding.swift"; sourceTree = "<group>"; };
		ACA6178F2AE6382B001DA5E3 /* NewScrumSheet.swift */ = {isa = PBXFileReference; lastKnownFileType = sourcecode.swift; path = NewScrumSheet.swift; sourceTree = "<group>"; };
		ACA617912AE63BD9001DA5E3 /* History.swift */ = {isa = PBXFileReference; lastKnownFileType = sourcecode.swift; path = History.swift; sourceTree = "<group>"; };
		ACC01DB12AD92A93008DACAB /* NewScrumdinger.app */ = {isa = PBXFileReference; explicitFileType = wrapper.application; includeInIndex = 0; path = NewScrumdinger.app; sourceTree = BUILT_PRODUCTS_DIR; };
		ACC01DB42AD92A93008DACAB /* NewScrumdingerApp.swift */ = {isa = PBXFileReference; lastKnownFileType = sourcecode.swift; path = NewScrumdingerApp.swift; sourceTree = "<group>"; };
		ACC01DB62AD92A93008DACAB /* MeetingView.swift */ = {isa = PBXFileReference; lastKnownFileType = sourcecode.swift; path = MeetingView.swift; sourceTree = "<group>"; };
		ACC01DB82AD92A94008DACAB /* Assets.xcassets */ = {isa = PBXFileReference; lastKnownFileType = folder.assetcatalog; path = Assets.xcassets; sourceTree = "<group>"; };
		ACC01DBB2AD92A94008DACAB /* Preview Assets.xcassets */ = {isa = PBXFileReference; lastKnownFileType = folder.assetcatalog; path = "Preview Assets.xcassets"; sourceTree = "<group>"; };
		ACC01DC32AD93BF5008DACAB /* Theme.swift */ = {isa = PBXFileReference; lastKnownFileType = sourcecode.swift; path = Theme.swift; sourceTree = "<group>"; };
		ACC01DC52AD93C98008DACAB /* DailyScrum.swift */ = {isa = PBXFileReference; lastKnownFileType = sourcecode.swift; path = DailyScrum.swift; sourceTree = "<group>"; };
		ACC01DC72AD93D34008DACAB /* CardView.swift */ = {isa = PBXFileReference; lastKnownFileType = sourcecode.swift; path = CardView.swift; sourceTree = "<group>"; };
		ACC01DC92AD94175008DACAB /* TrailingIconLabelStyle.swift */ = {isa = PBXFileReference; lastKnownFileType = sourcecode.swift; path = TrailingIconLabelStyle.swift; sourceTree = "<group>"; };
/* End PBXFileReference section */

/* Begin PBXFrameworksBuildPhase section */
		ACC01DAE2AD92A93008DACAB /* Frameworks */ = {
			isa = PBXFrameworksBuildPhase;
			buildActionMask = 2147483647;
			files = (
			);
			runOnlyForDeploymentPostprocessing = 0;
		};
/* End PBXFrameworksBuildPhase section */

/* Begin PBXGroup section */
		ACA5AEBF2AE1006B00BC4926 /* Document */ = {
			isa = PBXGroup;
			children = (
				ACA5AEC02AE1009900BC4926 /* observable.swift */,
				ACA5AEC22AE11AB200BC4926 /* Life Cycle.swift */,
			);
			path = Document;
			sourceTree = "<group>";
		};
		ACA5AECE2AE2719200BC4926 /* View */ = {
			isa = PBXGroup;
			children = (
				ACA5AED02AE2727800BC4926 /* Detail */,
				ACA5AECF2AE271EF00BC4926 /* MeetingView */,
				ACC01DC72AD93D34008DACAB /* CardView.swift */,
				AC629FA22ADD744200E43F82 /* ScrumsView.swift */,
				ACA6178F2AE6382B001DA5E3 /* NewScrumSheet.swift */,
				AC9702F02ADF9EF40034ABA1 /* ThemeView.swift */,
				AC9702F22ADFA0380034ABA1 /* ThemePicker.swift */,
				ACC01DC92AD94175008DACAB /* TrailingIconLabelStyle.swift */,
			);
			path = View;
			sourceTree = "<group>";
		};
		ACA5AECF2AE271EF00BC4926 /* MeetingView */ = {
			isa = PBXGroup;
			children = (
				ACA5AECA2AE26C2300BC4926 /* MeetingFooterView.swift */,
				ACA5AEC42AE25EAC00BC4926 /* MeetingHeaderView.swift */,
				ACC01DB62AD92A93008DACAB /* MeetingView.swift */,
			);
			path = MeetingView;
			sourceTree = "<group>";
		};
		ACA5AED02AE2727800BC4926 /* Detail */ = {
			isa = PBXGroup;
			children = (
				AC46E58B2ADE47B8007780F5 /* DetailEditView.swift */,
				AC629FA42ADD7CEC00E43F82 /* DetailView.swift */,
			);
			path = Detail;
			sourceTree = "<group>";
		};
		ACC01DA82AD92A93008DACAB = {
			isa = PBXGroup;
			children = (
				ACC01DB32AD92A93008DACAB /* NewScrumdinger */,
				ACC01DB22AD92A93008DACAB /* Products */,
			);
			sourceTree = "<group>";
		};
		ACC01DB22AD92A93008DACAB /* Products */ = {
			isa = PBXGroup;
			children = (
				ACC01DB12AD92A93008DACAB /* NewScrumdinger.app */,
			);
			name = Products;
			sourceTree = "<group>";
		};
		ACC01DB32AD92A93008DACAB /* NewScrumdinger */ = {
			isa = PBXGroup;
			children = (
				ACC01DB42AD92A93008DACAB /* NewScrumdingerApp.swift */,
				ACA5AEC62AE2618000BC4926 /* ScrumProgressViewStyle.swift */,
				ACA5AEBF2AE1006B00BC4926 /* Document */,
				ACC01DC22AD93BD5008DACAB /* Models */,
				ACA5AECE2AE2719200BC4926 /* View */,
				ACC01DB82AD92A94008DACAB /* Assets.xcassets */,
				ACC01DBA2AD92A94008DACAB /* Preview Content */,
			);
			path = NewScrumdinger;
			sourceTree = "<group>";
		};
		ACC01DBA2AD92A94008DACAB /* Preview Content */ = {
			isa = PBXGroup;
			children = (
				ACC01DBB2AD92A94008DACAB /* Preview Assets.xcassets */,
			);
			path = "Preview Content";
			sourceTree = "<group>";
		};
		ACC01DC22AD93BD5008DACAB /* Models */ = {
			isa = PBXGroup;
			children = (
				ACA5AECC2AE2707A00BC4926 /* AVPlayer+Ding.swift */,
				ACC01DC32AD93BF5008DACAB /* Theme.swift */,
				ACC01DC52AD93C98008DACAB /* DailyScrum.swift */,
				ACA5AEC82AE2622200BC4926 /* ScrumTimer.swift */,
				ACA617912AE63BD9001DA5E3 /* History.swift */,
				AC0FE4D12AE7A41100DA3F0A /* ScrumStore.swift */,
			);
			path = Models;
			sourceTree = "<group>";
		};
/* End PBXGroup section */

/* Begin PBXNativeTarget section */
		ACC01DB02AD92A93008DACAB /* NewScrumdinger */ = {
			isa = PBXNativeTarget;
			buildConfigurationList = ACC01DBF2AD92A94008DACAB /* Build configuration list for PBXNativeTarget "NewScrumdinger" */;
			buildPhases = (
				ACC01DAD2AD92A93008DACAB /* Sources */,
				ACC01DAE2AD92A93008DACAB /* Frameworks */,
				ACC01DAF2AD92A93008DACAB /* Resources */,
			);
			buildRules = (
			);
			dependencies = (
			);
			name = NewScrumdinger;
			productName = NewScrumdinger;
			productReference = ACC01DB12AD92A93008DACAB /* NewScrumdinger.app */;
			productType = "com.apple.product-type.application";
		};
/* End PBXNativeTarget section */

/* Begin PBXProject section */
		ACC01DA92AD92A93008DACAB /* Project object */ = {
			isa = PBXProject;
			attributes = {
				BuildIndependentTargetsInParallel = 1;
				LastSwiftUpdateCheck = 1500;
				LastUpgradeCheck = 1500;
				TargetAttributes = {
					ACC01DB02AD92A93008DACAB = {
						CreatedOnToolsVersion = 15.0;
					};
				};
			};
			buildConfigurationList = ACC01DAC2AD92A93008DACAB /* Build configuration list for PBXProject "NewScrumdinger" */;
			compatibilityVersion = "Xcode 14.0";
			developmentRegion = en;
			hasScannedForEncodings = 0;
			knownRegions = (
				en,
				Base,
			);
			mainGroup = ACC01DA82AD92A93008DACAB;
			productRefGroup = ACC01DB22AD92A93008DACAB /* Products */;
			projectDirPath = "";
			projectRoot = "";
			targets = (
				ACC01DB02AD92A93008DACAB /* NewScrumdinger */,
			);
		};
/* End PBXProject section */

/* Begin PBXResourcesBuildPhase section */
		ACC01DAF2AD92A93008DACAB /* Resources */ = {
			isa = PBXResourcesBuildPhase;
			buildActionMask = 2147483647;
			files = (
				ACC01DBC2AD92A94008DACAB /* Preview Assets.xcassets in Resources */,
				ACC01DB92AD92A94008DACAB /* Assets.xcassets in Resources */,
			);
			runOnlyForDeploymentPostprocessing = 0;
		};
/* End PBXResourcesBuildPhase section */

/* Begin PBXSourcesBuildPhase section */
		ACC01DAD2AD92A93008DACAB /* Sources */ = {
			isa = PBXSourcesBuildPhase;
			buildActionMask = 2147483647;
			files = (
				AC9702F32ADFA0380034ABA1 /* ThemePicker.swift in Sources */,
				ACC01DC62AD93C98008DACAB /* DailyScrum.swift in Sources */,
				AC629FA52ADD7CEC00E43F82 /* DetailView.swift in Sources */,
				ACA5AEC32AE11AB200BC4926 /* Life Cycle.swift in Sources */,
				AC46E58C2ADE47B8007780F5 /* DetailEditView.swift in Sources */,
				ACC01DCA2AD94175008DACAB /* TrailingIconLabelStyle.swift in Sources */,
				ACA5AEC92AE2622200BC4926 /* ScrumTimer.swift in Sources */,
				ACA617902AE6382B001DA5E3 /* NewScrumSheet.swift in Sources */,
				ACA5AECD2AE2707A00BC4926 /* AVPlayer+Ding.swift in Sources */,
				ACC01DC42AD93BF5008DACAB /* Theme.swift in Sources */,
				ACA5AEC52AE25EAC00BC4926 /* MeetingHeaderView.swift in Sources */,
				ACA5AEC72AE2618000BC4926 /* ScrumProgressViewStyle.swift in Sources */,
				AC629FA32ADD744200E43F82 /* ScrumsView.swift in Sources */,
				ACA5AECB2AE26C2300BC4926 /* MeetingFooterView.swift in Sources */,
				ACA617922AE63BD9001DA5E3 /* History.swift in Sources */,
				ACC01DB72AD92A93008DACAB /* MeetingView.swift in Sources */,
				ACA5AEC12AE1009900BC4926 /* observable.swift in Sources */,
				ACC01DB52AD92A93008DACAB /* NewScrumdingerApp.swift in Sources */,
				AC9702F12ADF9EF40034ABA1 /* ThemeView.swift in Sources */,
				AC0FE4D22AE7A41100DA3F0A /* ScrumStore.swift in Sources */,
				ACC01DC82AD93D34008DACAB /* CardView.swift in Sources */,
			);
			runOnlyForDeploymentPostprocessing = 0;
		};
/* End PBXSourcesBuildPhase section */

/* Begin XCBuildConfiguration section */
		ACC01DBD2AD92A94008DACAB /* Debug */ = {
			isa = XCBuildConfiguration;
			buildSettings = {
				ALWAYS_SEARCH_USER_PATHS = NO;
				ASSETCATALOG_COMPILER_GENERATE_SWIFT_ASSET_SYMBOL_EXTENSIONS = YES;
				CLANG_ANALYZER_NONNULL = YES;
				CLANG_ANALYZER_NUMBER_OBJECT_CONVERSION = YES_AGGRESSIVE;
				CLANG_CXX_LANGUAGE_STANDARD = "gnu++20";
				CLANG_ENABLE_MODULES = YES;
				CLANG_ENABLE_OBJC_ARC = YES;
				CLANG_ENABLE_OBJC_WEAK = YES;
				CLANG_WARN_BLOCK_CAPTURE_AUTORELEASING = YES;
				CLANG_WARN_BOOL_CONVERSION = YES;
				CLANG_WARN_COMMA = YES;
				CLANG_WARN_CONSTANT_CONVERSION = YES;
				CLANG_WARN_DEPRECATED_OBJC_IMPLEMENTATIONS = YES;
				CLANG_WARN_DIRECT_OBJC_ISA_USAGE = YES_ERROR;
				CLANG_WARN_DOCUMENTATION_COMMENTS = YES;
				CLANG_WARN_EMPTY_BODY = YES;
				CLANG_WARN_ENUM_CONVERSION = YES;
				CLANG_WARN_INFINITE_RECURSION = YES;
				CLANG_WARN_INT_CONVERSION = YES;
				CLANG_WARN_NON_LITERAL_NULL_CONVERSION = YES;
				CLANG_WARN_OBJC_IMPLICIT_RETAIN_SELF = YES;
				CLANG_WARN_OBJC_LITERAL_CONVERSION = YES;
				CLANG_WARN_OBJC_ROOT_CLASS = YES_ERROR;
				CLANG_WARN_QUOTED_INCLUDE_IN_FRAMEWORK_HEADER = YES;
				CLANG_WARN_RANGE_LOOP_ANALYSIS = YES;
				CLANG_WARN_STRICT_PROTOTYPES = YES;
				CLANG_WARN_SUSPICIOUS_MOVE = YES;
				CLANG_WARN_UNGUARDED_AVAILABILITY = YES_AGGRESSIVE;
				CLANG_WARN_UNREACHABLE_CODE = YES;
				CLANG_WARN__DUPLICATE_METHOD_MATCH = YES;
				COPY_PHASE_STRIP = NO;
				DEBUG_INFORMATION_FORMAT = dwarf;
				ENABLE_STRICT_OBJC_MSGSEND = YES;
				ENABLE_TESTABILITY = YES;
				ENABLE_USER_SCRIPT_SANDBOXING = YES;
				GCC_C_LANGUAGE_STANDARD = gnu17;
				GCC_DYNAMIC_NO_PIC = NO;
				GCC_NO_COMMON_BLOCKS = YES;
				GCC_OPTIMIZATION_LEVEL = 0;
				GCC_PREPROCESSOR_DEFINITIONS = (
					"DEBUG=1",
					"$(inherited)",
				);
				GCC_WARN_64_TO_32_BIT_CONVERSION = YES;
				GCC_WARN_ABOUT_RETURN_TYPE = YES_ERROR;
				GCC_WARN_UNDECLARED_SELECTOR = YES;
				GCC_WARN_UNINITIALIZED_AUTOS = YES_AGGRESSIVE;
				GCC_WARN_UNUSED_FUNCTION = YES;
				GCC_WARN_UNUSED_VARIABLE = YES;
				IPHONEOS_DEPLOYMENT_TARGET = 17.0;
				LOCALIZATION_PREFERS_STRING_CATALOGS = YES;
				MTL_ENABLE_DEBUG_INFO = INCLUDE_SOURCE;
				MTL_FAST_MATH = YES;
				ONLY_ACTIVE_ARCH = YES;
				SDKROOT = iphoneos;
				SWIFT_ACTIVE_COMPILATION_CONDITIONS = "DEBUG $(inherited)";
				SWIFT_OPTIMIZATION_LEVEL = "-Onone";
			};
			name = Debug;
		};
		ACC01DBE2AD92A94008DACAB /* Release */ = {
			isa = XCBuildConfiguration;
			buildSettings = {
				ALWAYS_SEARCH_USER_PATHS = NO;
				ASSETCATALOG_COMPILER_GENERATE_SWIFT_ASSET_SYMBOL_EXTENSIONS = YES;
				CLANG_ANALYZER_NONNULL = YES;
				CLANG_ANALYZER_NUMBER_OBJECT_CONVERSION = YES_AGGRESSIVE;
				CLANG_CXX_LANGUAGE_STANDARD = "gnu++20";
				CLANG_ENABLE_MODULES = YES;
				CLANG_ENABLE_OBJC_ARC = YES;
				CLANG_ENABLE_OBJC_WEAK = YES;
				CLANG_WARN_BLOCK_CAPTURE_AUTORELEASING = YES;
				CLANG_WARN_BOOL_CONVERSION = YES;
				CLANG_WARN_COMMA = YES;
				CLANG_WARN_CONSTANT_CONVERSION = YES;
				CLANG_WARN_DEPRECATED_OBJC_IMPLEMENTATIONS = YES;
				CLANG_WARN_DIRECT_OBJC_ISA_USAGE = YES_ERROR;
				CLANG_WARN_DOCUMENTATION_COMMENTS = YES;
				CLANG_WARN_EMPTY_BODY = YES;
				CLANG_WARN_ENUM_CONVERSION = YES;
				CLANG_WARN_INFINITE_RECURSION = YES;
				CLANG_WARN_INT_CONVERSION = YES;
				CLANG_WARN_NON_LITERAL_NULL_CONVERSION = YES;
				CLANG_WARN_OBJC_IMPLICIT_RETAIN_SELF = YES;
				CLANG_WARN_OBJC_LITERAL_CONVERSION = YES;
				CLANG_WARN_OBJC_ROOT_CLASS = YES_ERROR;
				CLANG_WARN_QUOTED_INCLUDE_IN_FRAMEWORK_HEADER = YES;
				CLANG_WARN_RANGE_LOOP_ANALYSIS = YES;
				CLANG_WARN_STRICT_PROTOTYPES = YES;
				CLANG_WARN_SUSPICIOUS_MOVE = YES;
				CLANG_WARN_UNGUARDED_AVAILABILITY = YES_AGGRESSIVE;
				CLANG_WARN_UNREACHABLE_CODE = YES;
				CLANG_WARN__DUPLICATE_METHOD_MATCH = YES;
				COPY_PHASE_STRIP = NO;
				DEBUG_INFORMATION_FORMAT = "dwarf-with-dsym";
				ENABLE_NS_ASSERTIONS = NO;
				ENABLE_STRICT_OBJC_MSGSEND = YES;
				ENABLE_USER_SCRIPT_SANDBOXING = YES;
				GCC_C_LANGUAGE_STANDARD = gnu17;
				GCC_NO_COMMON_BLOCKS = YES;
				GCC_WARN_64_TO_32_BIT_CONVERSION = YES;
				GCC_WARN_ABOUT_RETURN_TYPE = YES_ERROR;
				GCC_WARN_UNDECLARED_SELECTOR = YES;
				GCC_WARN_UNINITIALIZED_AUTOS = YES_AGGRESSIVE;
				GCC_WARN_UNUSED_FUNCTION = YES;
				GCC_WARN_UNUSED_VARIABLE = YES;
				IPHONEOS_DEPLOYMENT_TARGET = 17.0;
				LOCALIZATION_PREFERS_STRING_CATALOGS = YES;
				MTL_ENABLE_DEBUG_INFO = NO;
				MTL_FAST_MATH = YES;
				SDKROOT = iphoneos;
				SWIFT_COMPILATION_MODE = wholemodule;
				VALIDATE_PRODUCT = YES;
			};
			name = Release;
		};
		ACC01DC02AD92A94008DACAB /* Debug */ = {
			isa = XCBuildConfiguration;
			buildSettings = {
				ASSETCATALOG_COMPILER_APPICON_NAME = AppIcon;
				ASSETCATALOG_COMPILER_GLOBAL_ACCENT_COLOR_NAME = AccentColor;
				CODE_SIGN_STYLE = Automatic;
				CURRENT_PROJECT_VERSION = 1;
				DEVELOPMENT_ASSET_PATHS = "\"NewScrumdinger/Preview Content\"";
				DEVELOPMENT_TEAM = 8N7YRTC92N;
				ENABLE_PREVIEWS = YES;
				GENERATE_INFOPLIST_FILE = YES;
				INFOPLIST_KEY_UIApplicationSceneManifest_Generation = YES;
				INFOPLIST_KEY_UIApplicationSupportsIndirectInputEvents = YES;
				INFOPLIST_KEY_UILaunchScreen_Generation = YES;
				INFOPLIST_KEY_UISupportedInterfaceOrientations_iPad = "UIInterfaceOrientationPortrait UIInterfaceOrientationPortraitUpsideDown UIInterfaceOrientationLandscapeLeft UIInterfaceOrientationLandscapeRight";
				INFOPLIST_KEY_UISupportedInterfaceOrientations_iPhone = "UIInterfaceOrientationPortrait UIInterfaceOrientationLandscapeLeft UIInterfaceOrientationLandscapeRight";
				LD_RUNPATH_SEARCH_PATHS = (
					"$(inherited)",
					"@executable_path/Frameworks",
				);
				MARKETING_VERSION = 1.0;
				PRODUCT_BUNDLE_IDENTIFIER = backster.com.NewScrumdinger;
				PRODUCT_NAME = "$(TARGET_NAME)";
				SWIFT_EMIT_LOC_STRINGS = YES;
				SWIFT_VERSION = 5.0;
				TARGETED_DEVICE_FAMILY = "1,2";
			};
			name = Debug;
		};
		ACC01DC12AD92A94008DACAB /* Release */ = {
			isa = XCBuildConfiguration;
			buildSettings = {
				ASSETCATALOG_COMPILER_APPICON_NAME = AppIcon;
				ASSETCATALOG_COMPILER_GLOBAL_ACCENT_COLOR_NAME = AccentColor;
				CODE_SIGN_STYLE = Automatic;
				CURRENT_PROJECT_VERSION = 1;
				DEVELOPMENT_ASSET_PATHS = "\"NewScrumdinger/Preview Content\"";
				DEVELOPMENT_TEAM = 8N7YRTC92N;
				ENABLE_PREVIEWS = YES;
				GENERATE_INFOPLIST_FILE = YES;
				INFOPLIST_KEY_UIApplicationSceneManifest_Generation = YES;
				INFOPLIST_KEY_UIApplicationSupportsIndirectInputEvents = YES;
				INFOPLIST_KEY_UILaunchScreen_Generation = YES;
				INFOPLIST_KEY_UISupportedInterfaceOrientations_iPad = "UIInterfaceOrientationPortrait UIInterfaceOrientationPortraitUpsideDown UIInterfaceOrientationLandscapeLeft UIInterfaceOrientationLandscapeRight";
				INFOPLIST_KEY_UISupportedInterfaceOrientations_iPhone = "UIInterfaceOrientationPortrait UIInterfaceOrientationLandscapeLeft UIInterfaceOrientationLandscapeRight";
				LD_RUNPATH_SEARCH_PATHS = (
					"$(inherited)",
					"@executable_path/Frameworks",
				);
				MARKETING_VERSION = 1.0;
				PRODUCT_BUNDLE_IDENTIFIER = backster.com.NewScrumdinger;
				PRODUCT_NAME = "$(TARGET_NAME)";
				SWIFT_EMIT_LOC_STRINGS = YES;
				SWIFT_VERSION = 5.0;
				TARGETED_DEVICE_FAMILY = "1,2";
			};
			name = Release;
		};
/* End XCBuildConfiguration section */

/* Begin XCConfigurationList section */
		ACC01DAC2AD92A93008DACAB /* Build configuration list for PBXProject "NewScrumdinger" */ = {
			isa = XCConfigurationList;
			buildConfigurations = (
				ACC01DBD2AD92A94008DACAB /* Debug */,
				ACC01DBE2AD92A94008DACAB /* Release */,
			);
			defaultConfigurationIsVisible = 0;
			defaultConfigurationName = Release;
		};
		ACC01DBF2AD92A94008DACAB /* Build configuration list for PBXNativeTarget "NewScrumdinger" */ = {
			isa = XCConfigurationList;
			buildConfigurations = (
				ACC01DC02AD92A94008DACAB /* Debug */,
				ACC01DC12AD92A94008DACAB /* Release */,
			);
			defaultConfigurationIsVisible = 0;
			defaultConfigurationName = Release;
		};
/* End XCConfigurationList section */
	};
	rootObject = ACC01DA92AD92A93008DACAB /* Project object */;
}
